# THIS IS AN AUTOGENERATED FILE. DO NOT EDIT THIS FILE DIRECTLY.
# yarn lockfile v1


"@babel/runtime@^7.20.13":
  version "7.25.4"
  resolved "https://registry.npmjs.org/@babel/runtime/-/runtime-7.25.4.tgz"
  integrity sha512-DSgLeL/FNcpXuzav5wfYvHCGvynXkJbn3Zvc3823AEe9nPwW9IK4UoCSS5yGymmQzN0pCPvivtgS6/8U2kkm1w==
  dependencies:
    regenerator-runtime "^0.14.0"

"@floating-ui/core@^1.6.0":
  version "1.6.7"
  resolved "https://registry.npmjs.org/@floating-ui/core/-/core-1.6.7.tgz"
  integrity sha512-yDzVT/Lm101nQ5TCVeK65LtdN7Tj4Qpr9RTXJ2vPFLqtLxwOrpoxAHAJI8J3yYWUc40J0BDBheaitK5SJmno2g==
  dependencies:
    "@floating-ui/utils" "^0.2.7"

"@floating-ui/dom@^1.0.0":
  version "1.6.10"
  resolved "https://registry.npmjs.org/@floating-ui/dom/-/dom-1.6.10.tgz"
  integrity sha512-fskgCFv8J8OamCmyun8MfjB1Olfn+uZKjOKZ0vhYF3gRmEUXcGOjxWL8bBr7i4kIuPZ2KD2S3EUIOxnjC8kl2A==
  dependencies:
    "@floating-ui/core" "^1.6.0"
    "@floating-ui/utils" "^0.2.7"

"@floating-ui/react-dom@^2.1.1":
  version "2.1.1"
  resolved "https://registry.npmjs.org/@floating-ui/react-dom/-/react-dom-2.1.1.tgz"
  integrity sha512-4h84MJt3CHrtG18mGsXuLCHMrug49d7DFkU0RMIyshRveBeyV2hmV/pDaF2Uxtu8kgq5r46llp5E5FQiR0K2Yg==
  dependencies:
    "@floating-ui/dom" "^1.0.0"

"@floating-ui/react@^0.26.9":
  version "0.26.22"
  resolved "https://registry.npmjs.org/@floating-ui/react/-/react-0.26.22.tgz"
  integrity sha512-LNv4azPt8SpT4WW7Kku5JNVjLk2GcS0bGGjFTAgqOONRFo9r/aaGHHPpdiIuQbB1t8shmWyWqTTUDmZ9fcNshg==
  dependencies:
    "@floating-ui/react-dom" "^2.1.1"
    "@floating-ui/utils" "^0.2.7"
    tabbable "^6.0.0"

"@floating-ui/utils@^0.2.7":
  version "0.2.7"
  resolved "https://registry.npmjs.org/@floating-ui/utils/-/utils-0.2.7.tgz"
  integrity sha512-X8R8Oj771YRl/w+c1HqAC1szL8zWQRwFvgDwT129k9ACdBoud/+/rX9V0qiMl6LWUdP9voC2nDVZYPMQQsb6eA==

"@mantine/core@^7.11.2":
  version "7.12.1"
  resolved "https://registry.npmjs.org/@mantine/core/-/core-7.12.1.tgz"
  integrity sha512-PXKIDaT1fpNB77dPQIcdFGM2NRnfmsJSVx3uuBccngBQWMIWI0wPyiO1Y26DK4LQrbrypeb+TS+Zxpgx6RoiCA==
  dependencies:
    "@floating-ui/react" "^0.26.9"
    clsx "^2.1.1"
    react-number-format "^5.3.1"
    react-remove-scroll "^2.5.7"
    react-textarea-autosize "8.5.3"
    type-fest "^4.12.0"

"@mantine/hooks@^7.11.2":
  version "7.12.1"
  resolved "https://registry.npmjs.org/@mantine/hooks/-/hooks-7.12.1.tgz"
  integrity sha512-YPA3qiMHJkWID5+YzakBaLvjHtX3Fg3PdPY49iIb/CaWM9+lrJ+77TOVS7bsY7ZTBHXUfzft1/6Woqt3xSuweA==

"@mantine/next@^6.0.22":
  version "6.0.22"
  resolved "https://registry.npmjs.org/@mantine/next/-/next-6.0.22.tgz"
  integrity sha512-OIDeCaMSVfmaN0F38y6Ir8tmMZHDAmy8MhalDAFjGdTD9UKO1V9nQKTNJAuvo5yldslGlfvwhKUjKy7oy/M65g==
  dependencies:
    "@mantine/ssr" "6.0.22"
    "@mantine/styles" "6.0.22"

"@mantine/ssr@6.0.22":
  version "6.0.22"
  resolved "https://registry.npmjs.org/@mantine/ssr/-/ssr-6.0.22.tgz"
  integrity sha512-ZW89nrL39sfOEOSRlUEP92y5ItWFAbKOYwtgGBS7vHZ56hd6cOWH7bLr5GoQZGLJFywB/0lIpMk+pGsaA8YVEQ==
  dependencies:
    "@mantine/styles" "6.0.22"
    html-react-parser "1.4.12"

"@mantine/styles@6.0.22":
  version "6.0.22"
  resolved "https://registry.npmjs.org/@mantine/styles/-/styles-6.0.22.tgz"
  integrity sha512-Rud/IQp2EFYDiP4csRy2XBrho/Ct+W2/b+XbvCRTeQTmpFy/NfAKm/TWJa5zPvuv/iLTjGkVos9SHw/DteESpQ==
  dependencies:
    clsx "1.1.1"
    csstype "3.0.9"

"@next/env@14.2.6":
  version "14.2.6"
  resolved "https://registry.npmjs.org/@next/env/-/env-14.2.6.tgz"
  integrity sha512-bs5DFKV+08EjWrl8EB+KKqev1ZTNONH1vFCaHh911aaB362NnP32UDTbE9VQhyiAgbFqJsfDkSxFERNDDb3j0g==

"@next/swc-darwin-arm64@14.2.6":
  version "14.2.6"
  resolved "https://registry.npmjs.org/@next/swc-darwin-arm64/-/swc-darwin-arm64-14.2.6.tgz"
  integrity sha512-BtJZb+hYXGaVJJivpnDoi3JFVn80SHKCiiRUW3kk1SY6UCUy5dWFFSbh+tGi5lHAughzeduMyxbLt3pspvXNSg==

"@next/swc-darwin-x64@14.2.6":
  version "14.2.6"
  resolved "https://registry.yarnpkg.com/@next/swc-darwin-x64/-/swc-darwin-x64-14.2.6.tgz#605a6fafbdd672d72728db86aae0fea67e3338f9"
  integrity sha512-ZHRbGpH6KHarzm6qEeXKSElSXh8dS2DtDPjQt3IMwY8QVk7GbdDYjvV4NgSnDA9huGpGgnyy3tH8i5yHCqVkiQ==

"@next/swc-linux-arm64-gnu@14.2.6":
  version "14.2.6"
  resolved "https://registry.yarnpkg.com/@next/swc-linux-arm64-gnu/-/swc-linux-arm64-gnu-14.2.6.tgz#2a4d3c6d159c70ded6b415cbf6d7082bd823e37d"
  integrity sha512-O4HqUEe3ZvKshXHcDUXn1OybN4cSZg7ZdwHJMGCXSUEVUqGTJVsOh17smqilIjooP/sIJksgl+1kcf2IWMZWHg==

"@next/swc-linux-arm64-musl@14.2.6":
  version "14.2.6"
  resolved "https://registry.yarnpkg.com/@next/swc-linux-arm64-musl/-/swc-linux-arm64-musl-14.2.6.tgz#db4850182cef343a6539d646d613f2f0333a4dc1"
  integrity sha512-xUcdhr2hfalG8RDDGSFxQ75yOG894UlmFS4K2M0jLrUhauRBGOtUOxoDVwiIIuZQwZ3Y5hDsazNjdYGB0cQ9yQ==

"@next/swc-linux-x64-gnu@14.2.6":
  version "14.2.6"
  resolved "https://registry.yarnpkg.com/@next/swc-linux-x64-gnu/-/swc-linux-x64-gnu-14.2.6.tgz#dbd75f0c3b3b3fb5c4ace0b5b52b050409701b3e"
  integrity sha512-InosKxw8UMcA/wEib5n2QttwHSKHZHNSbGcMepBM0CTcNwpxWzX32KETmwbhKod3zrS8n1vJ+DuJKbL9ZAB0Ag==

"@next/swc-linux-x64-musl@14.2.6":
  version "14.2.6"
  resolved "https://registry.yarnpkg.com/@next/swc-linux-x64-musl/-/swc-linux-x64-musl-14.2.6.tgz#b045235257e78c87878b3651cb9c7b553a20005b"
  integrity sha512-d4QXfJmt5pGJ7cG8qwxKSBnO5AXuKAFYxV7qyDRHnUNvY/dgDh+oX292gATpB2AAHgjdHd5ks1wXxIEj6muLUQ==

"@next/swc-win32-arm64-msvc@14.2.6":
  version "14.2.6"
  resolved "https://registry.yarnpkg.com/@next/swc-win32-arm64-msvc/-/swc-win32-arm64-msvc-14.2.6.tgz#be6ec8b97db574d9c2625fd181b6fa3e4625c29d"
  integrity sha512-AlgIhk4/G+PzOG1qdF1b05uKTMsuRatFlFzAi5G8RZ9h67CVSSuZSbqGHbJDlcV1tZPxq/d4G0q6qcHDKWf4aQ==

"@next/swc-win32-ia32-msvc@14.2.6":
  version "14.2.6"
  resolved "https://registry.yarnpkg.com/@next/swc-win32-ia32-msvc/-/swc-win32-ia32-msvc-14.2.6.tgz#bc215a8488f10042c21890a83e79eee9e84cff6d"
  integrity sha512-hNukAxq7hu4o5/UjPp5jqoBEtrpCbOmnUqZSKNJG8GrUVzfq0ucdhQFVrHcLRMvQcwqqDh1a5AJN9ORnNDpgBQ==

"@next/swc-win32-x64-msvc@14.2.6":
  version "14.2.6"
  resolved "https://registry.yarnpkg.com/@next/swc-win32-x64-msvc/-/swc-win32-x64-msvc-14.2.6.tgz#6b63a7b4ff3b7b410a038e3ee839c951a3136dc9"
  integrity sha512-NANtw+ead1rSDK1jxmzq3TYkl03UNK2KHqUYf1nIhNci6NkeqBD4s1njSzYGIlSHxCK+wSaL8RXZm4v+NF/pMw==

"@swc/counter@^0.1.3":
  version "0.1.3"
  resolved "https://registry.npmjs.org/@swc/counter/-/counter-0.1.3.tgz"
  integrity sha512-e2BR4lsJkkRlKZ/qCHPw9ZaSxc0MVUd7gtbtaB7aMvHeJVYe8sOB8DBZkP2DtISHGSku9sCK6T6cnY0CtXrOCQ==

"@swc/helpers@0.5.5":
  version "0.5.5"
  resolved "https://registry.npmjs.org/@swc/helpers/-/helpers-0.5.5.tgz"
  integrity sha512-KGYxvIOXcceOAbEk4bi/dVLEK9z8sZ0uBB3Il5b1rhfClSpcX0yfRO0KmTkqR2cnQDymwLB+25ZyMzICg/cm/A==
  dependencies:
    "@swc/counter" "^0.1.3"
    tslib "^2.4.0"

"@types/node@22.1.0":
  version "22.1.0"
  resolved "https://registry.npmjs.org/@types/node/-/node-22.1.0.tgz"
  integrity sha512-AOmuRF0R2/5j1knA3c6G3HOk523Ga+l+ZXltX8SF1+5oqcXijjfTd8fY3XRZqSihEu9XhtQnKYLmkFaoxgsJHw==
  dependencies:
    undici-types "~6.13.0"

"@types/prop-types@*":
  version "15.7.12"
  resolved "https://registry.npmjs.org/@types/prop-types/-/prop-types-15.7.12.tgz"
  integrity sha512-5zvhXYtRNRluoE/jAp4GVsSduVUzNWKkOZrCDBWYtE7biZywwdC2AcEzg+cSMLFRfVgeAFqpfNabiPjxFddV1Q==

"@types/react@18.3.3":
  version "18.3.3"
  resolved "https://registry.npmjs.org/@types/react/-/react-18.3.3.tgz"
  integrity sha512-hti/R0pS0q1/xx+TsI73XIqk26eBsISZ2R0wUijXIngRK9R/e7Xw/cXVxQK7R5JjW+SV4zGcn5hXjudkN/pLIw==
  dependencies:
    "@types/prop-types" "*"
    csstype "^3.0.2"

anymatch@~3.1.2:
  version "3.1.3"
  resolved "https://registry.npmjs.org/anymatch/-/anymatch-3.1.3.tgz"
  integrity sha512-KMReFUr0B4t+D+OBkjR3KYqvocp2XaSzO55UcB6mgQMd3KbcE+mWTyvVV7D/zsdEbNnV6acZUutkiHQXvTr1Rw==
  dependencies:
    normalize-path "^3.0.0"
    picomatch "^2.0.4"

bcryptjs@^2.4.3:
  version "2.4.3"
  resolved "https://registry.npmjs.org/bcryptjs/-/bcryptjs-2.4.3.tgz"
  integrity sha512-V/Hy/X9Vt7f3BbPJEi8BdVFMByHi+jNXrYkW3huaybV/kQ0KJg0Y6PkEMbn+zeT+i+SiKZ/HMqJGIIt4LZDqNQ==

binary-extensions@^2.0.0:
  version "2.3.0"
  resolved "https://registry.npmjs.org/binary-extensions/-/binary-extensions-2.3.0.tgz"
  integrity sha512-Ceh+7ox5qe7LJuLHoY0feh3pHuUDHAcRUeyL2VYghZwfpkNIy/+8Ocg0a3UuSoYzavmylwuLWQOf3hl0jjMMIw==

braces@~3.0.2:
  version "3.0.3"
  resolved "https://registry.npmjs.org/braces/-/braces-3.0.3.tgz"
  integrity sha512-yQbXgO/OSZVD2IsiLlro+7Hf6Q18EJrKSEsdoMzKePKXct3gvD8oLcOQdIzGupr5Fj+EDe8gO/lxc1BzfMpxvA==
  dependencies:
    fill-range "^7.1.1"

busboy@1.6.0:
  version "1.6.0"
  resolved "https://registry.npmjs.org/busboy/-/busboy-1.6.0.tgz"
  integrity sha512-8SFQbg/0hQ9xy3UNTB0YEnsNBbWfhf7RtnzpL7TkBiTBRfrQ9Fxcnz7VJsleJpyp6rVLvXiuORqjlHi5q+PYuA==
  dependencies:
    streamsearch "^1.1.0"

caniuse-lite@^1.0.30001579:
  version "1.0.30001651"
  resolved "https://registry.npmjs.org/caniuse-lite/-/caniuse-lite-1.0.30001651.tgz"
  integrity sha512-9Cf+Xv1jJNe1xPZLGuUXLNkE1BoDkqRqYyFJ9TDYSqhduqA4hu4oR9HluGoWYQC/aj8WHjsGVV+bwkh0+tegRg==

"chokidar@>=3.0.0 <4.0.0":
  version "3.6.0"
  resolved "https://registry.npmjs.org/chokidar/-/chokidar-3.6.0.tgz"
  integrity sha512-7VT13fmjotKpGipCW9JEQAusEPE+Ei8nl6/g4FBAmIm0GOOLMua9NDDo/DWp0ZAxCr3cPq5ZpBqmPAQgDda2Pw==
  dependencies:
    anymatch "~3.1.2"
    braces "~3.0.2"
    glob-parent "~5.1.2"
    is-binary-path "~2.1.0"
    is-glob "~4.0.1"
    normalize-path "~3.0.0"
    readdirp "~3.6.0"
  optionalDependencies:
    fsevents "~2.3.2"

classnames@^2.5.1:
  version "2.5.1"
  resolved "https://registry.npmjs.org/classnames/-/classnames-2.5.1.tgz"
  integrity sha512-saHYOzhIQs6wy2sVxTM6bUDsQO4F50V9RQ22qBpEdCW+I+/Wmke2HOl6lS6dTpdxVhb88/I6+Hs+438c3lfUow==

client-only@0.0.1:
  version "0.0.1"
  resolved "https://registry.npmjs.org/client-only/-/client-only-0.0.1.tgz"
  integrity sha512-IV3Ou0jSMzZrd3pZ48nLkT9DA7Ag1pnPzaiQhpW7c3RbcqqzvzzVu+L8gfqMp/8IM2MQtSiqaCxrrcfu8I8rMA==

clsx@1.1.1:
  version "1.1.1"
  resolved "https://registry.npmjs.org/clsx/-/clsx-1.1.1.tgz"
  integrity sha512-6/bPho624p3S2pMyvP5kKBPXnI3ufHLObBFCfgx+LkeR5lg2XYy2hqZqUf45ypD8COn2bhgGJSUE+l5dhNBieA==

clsx@^2.1.1:
  version "2.1.1"
  resolved "https://registry.npmjs.org/clsx/-/clsx-2.1.1.tgz"
  integrity sha512-eYm0QWBtUrBWZWG0d386OGAw16Z995PiOVo2B7bjWSbHedGl5e0ZWaq65kOGgUSNesEIDkB9ISbTg/JK9dhCZA==

csstype@3.0.9:
  version "3.0.9"
  resolved "https://registry.npmjs.org/csstype/-/csstype-3.0.9.tgz"
  integrity sha512-rpw6JPxK6Rfg1zLOYCSwle2GFOOsnjmDYDaBwEcwoOg4qlsIVCN789VkBZDJAGi4T07gI4YSutR43t9Zz4Lzuw==

csstype@^3.0.2:
  version "3.1.3"
  resolved "https://registry.npmjs.org/csstype/-/csstype-3.1.3.tgz"
  integrity sha512-M1uQkMl8rQK/szD0LNhtqxIPLpimGm8sOBwU7lLnCpSbTyY3yeU1Vc7l4KT5zT4s/yOxHH5O7tIuuLOCnLADRw==

csv-parser@^3.0.0:
  version "3.0.0"
  resolved "https://registry.npmjs.org/csv-parser/-/csv-parser-3.0.0.tgz"
  integrity sha512-s6OYSXAK3IdKqYO33y09jhypG/bSDHPuyCme/IdEHfWpLf/jKcpitVFyOC6UemgGk8v7Q5u2XE0vvwmanxhGlQ==
  dependencies:
    minimist "^1.2.0"

detect-node-es@^1.1.0:
  version "1.1.0"
  resolved "https://registry.npmjs.org/detect-node-es/-/detect-node-es-1.1.0.tgz"
  integrity sha512-ypdmJU/TbBby2Dxibuv7ZLW3Bs1QEmM7nHjEANfohJLvE0XVujisn1qPJcZxg+qDucsr+bP6fLD1rPS3AhJ7EQ==

dom-serializer@^1.0.1:
  version "1.4.1"
  resolved "https://registry.npmjs.org/dom-serializer/-/dom-serializer-1.4.1.tgz"
  integrity sha512-VHwB3KfrcOOkelEG2ZOfxqLZdfkil8PtJi4P8N2MMXucZq2yLp75ClViUlOVwyoHEDjYU433Aq+5zWP61+RGag==
  dependencies:
    domelementtype "^2.0.1"
    domhandler "^4.2.0"
    entities "^2.0.0"

domelementtype@^2.0.1, domelementtype@^2.2.0:
  version "2.3.0"
  resolved "https://registry.npmjs.org/domelementtype/-/domelementtype-2.3.0.tgz"
  integrity sha512-OLETBj6w0OsagBwdXnPdN0cnMfF9opN69co+7ZrbfPGrdpPVNBUj02spi6B1N7wChLQiPn4CSH/zJvXw56gmHw==

domhandler@4.3.1, domhandler@^4.2.0, domhandler@^4.2.2:
  version "4.3.1"
  resolved "https://registry.npmjs.org/domhandler/-/domhandler-4.3.1.tgz"
  integrity sha512-GrwoxYN+uWlzO8uhUXRl0P+kHE4GtVPfYzVLcUxPL7KNdHKj66vvlhiweIHqYYXWlw+T8iLMp42Lm67ghw4WMQ==
  dependencies:
    domelementtype "^2.2.0"

domutils@^2.8.0:
  version "2.8.0"
  resolved "https://registry.npmjs.org/domutils/-/domutils-2.8.0.tgz"
  integrity sha512-w96Cjofp72M5IIhpjgobBimYEfoPjx1Vx0BSX9P30WBdZW2WIKU0T1Bd0kz2eNZ9ikjKgHbEyKx8BB6H1L3h3A==
  dependencies:
    dom-serializer "^1.0.1"
    domelementtype "^2.2.0"
    domhandler "^4.2.0"

dotenv@^8.2.0:
  version "8.6.0"
  resolved "https://registry.npmjs.org/dotenv/-/dotenv-8.6.0.tgz"
  integrity sha512-IrPdXQsk2BbzvCBGBOTmmSH5SodmqZNt4ERAZDmW4CT+tL8VtvinqywuANaFu4bOMWki16nqf0e4oC0QIaDr/g==

entities@^2.0.0:
  version "2.2.0"
  resolved "https://registry.npmjs.org/entities/-/entities-2.2.0.tgz"
  integrity sha512-p92if5Nz619I0w+akJrLZH0MX0Pb5DX39XOwQTtXSdQQOaYH03S1uIQp4mhOZtAXrxq4ViO67YTiLBo2638o9A==

entities@^3.0.1:
  version "3.0.1"
  resolved "https://registry.npmjs.org/entities/-/entities-3.0.1.tgz"
  integrity sha512-WiyBqoomrwMdFG1e0kqvASYfnlb0lp8M5o5Fw2OFq1hNZxxcNk8Ik0Xm7LxzBhuidnZB/UtBqVCgUz3kBOP51Q==

fill-range@^7.1.1:
  version "7.1.1"
  resolved "https://registry.npmjs.org/fill-range/-/fill-range-7.1.1.tgz"
  integrity sha512-YsGpe3WHLK8ZYi4tWDg2Jy3ebRz2rXowDxnld4bkQB00cc/1Zw9AWnC0i9ztDJitivtQvaI9KaLyKrc+hBW0yg==
  dependencies:
    to-regex-range "^5.0.1"

fsevents@~2.3.2:
  version "2.3.3"
  resolved "https://registry.npmjs.org/fsevents/-/fsevents-2.3.3.tgz"
  integrity sha512-5xoDfX+fL7faATnagmWPpbFtwh/R77WmMMqqHGS65C3vvB0YHrgF+B1YmZ3441tMj5n63k0212XNoJwzlhffQw==

get-nonce@^1.0.0:
  version "1.0.1"
  resolved "https://registry.npmjs.org/get-nonce/-/get-nonce-1.0.1.tgz"
  integrity sha512-FJhYRoDaiatfEkUK8HKlicmu/3SGFD51q3itKDGoSTysQJBnfOcxU5GxnhE1E6soB76MbT0MBtnKJuXyAx+96Q==

glob-parent@~5.1.2:
  version "5.1.2"
  resolved "https://registry.npmjs.org/glob-parent/-/glob-parent-5.1.2.tgz"
  integrity sha512-AOIgSQCepiJYwP3ARnGx+5VnTu2HBYdzbGP45eLw1vr3zB3vZLeyed1sC9hnbcOc9/SrMyM5RPQrkGz4aS9Zow==
  dependencies:
    is-glob "^4.0.1"

graceful-fs@^4.2.11:
  version "4.2.11"
  resolved "https://registry.npmjs.org/graceful-fs/-/graceful-fs-4.2.11.tgz"
  integrity sha512-RbJ5/jmFcNNCcDV5o9eTnBLJ/HszWV0P73bc+Ff4nS/rJj+YaS6IGyiOL0VoBYX+l1Wrl3k63h/KrH+nhJ0XvQ==

html-dom-parser@1.2.0:
  version "1.2.0"
  resolved "https://registry.npmjs.org/html-dom-parser/-/html-dom-parser-1.2.0.tgz"
  integrity sha512-2HIpFMvvffsXHFUFjso0M9LqM+1Lm22BF+Df2ba+7QHJXjk63pWChEnI6YG27eaWqUdfnh5/Vy+OXrNTtepRsg==
  dependencies:
    domhandler "4.3.1"
    htmlparser2 "7.2.0"

html-react-parser@1.4.12:
  version "1.4.12"
  resolved "https://registry.npmjs.org/html-react-parser/-/html-react-parser-1.4.12.tgz"
  integrity sha512-nqYQzr4uXh67G9ejAG7djupTHmQvSTgjY83zbXLRfKHJ0F06751jXx6WKSFARDdXxCngo2/7H4Rwtfeowql4gQ==
  dependencies:
    domhandler "4.3.1"
    html-dom-parser "1.2.0"
    react-property "2.0.0"
    style-to-js "1.1.0"

htmlparser2@7.2.0:
  version "7.2.0"
  resolved "https://registry.npmjs.org/htmlparser2/-/htmlparser2-7.2.0.tgz"
  integrity sha512-H7MImA4MS6cw7nbyURtLPO1Tms7C5H602LRETv95z1MxO/7CP7rDVROehUYeYBUYEON94NXXDEPmZuq+hX4sog==
  dependencies:
    domelementtype "^2.0.1"
    domhandler "^4.2.2"
    domutils "^2.8.0"
    entities "^3.0.1"

husky@^8.0.1:
  version "8.0.3"
  resolved "https://registry.npmjs.org/husky/-/husky-8.0.3.tgz"
  integrity sha512-+dQSyqPh4x1hlO1swXBiNb2HzTDN1I2IGLQx1GrBuiqFJfoMrnZWwVmatvSiO+Iz8fBUnf+lekwNo4c2LlXItg==

immutable@^4.0.0:
  version "4.3.7"
  resolved "https://registry.npmjs.org/immutable/-/immutable-4.3.7.tgz"
  integrity sha512-1hqclzwYwjRDFLjcFxOM5AYkkG0rpFPpr1RLPMEuGczoS7YA8gLhy8SWXYRAA/XwfEHpfo3cw5JGioS32fnMRw==

inline-style-parser@0.1.1:
  version "0.1.1"
  resolved "https://registry.npmjs.org/inline-style-parser/-/inline-style-parser-0.1.1.tgz"
  integrity sha512-7NXolsK4CAS5+xvdj5OMMbI962hU/wvwoxk+LWR9Ek9bVtyuuYScDN6eS0rUm6TxApFpw7CX1o4uJzcd4AyD3Q==

invariant@^2.2.4:
  version "2.2.4"
  resolved "https://registry.npmjs.org/invariant/-/invariant-2.2.4.tgz"
  integrity sha512-phJfQVBuaJM5raOpJjSfkiD6BpbCE4Ns//LaXl6wGYtUBY83nWS6Rf9tXm2e8VaK60JEjYldbPif/A2B1C2gNA==
  dependencies:
    loose-envify "^1.0.0"

is-binary-path@~2.1.0:
  version "2.1.0"
  resolved "https://registry.npmjs.org/is-binary-path/-/is-binary-path-2.1.0.tgz"
  integrity sha512-ZMERYes6pDydyuGidse7OsHxtbI7WVeUEozgR/g7rd0xUimYNlvZRE/K2MgZTjWy725IfelLeVcEM97mmtRGXw==
  dependencies:
    binary-extensions "^2.0.0"

is-extglob@^2.1.1:
  version "2.1.1"
  resolved "https://registry.npmjs.org/is-extglob/-/is-extglob-2.1.1.tgz"
  integrity sha512-SbKbANkN603Vi4jEZv49LeVJMn4yGwsbzZworEoyEiutsN3nJYdbO36zfhGJ6QEDpOZIFkDtnq5JRxmvl3jsoQ==

is-glob@^4.0.1, is-glob@~4.0.1:
  version "4.0.3"
  resolved "https://registry.npmjs.org/is-glob/-/is-glob-4.0.3.tgz"
  integrity sha512-xelSayHH36ZgE7ZWhli7pW34hNbNl8Ojv5KVmkJD4hBdD3th8Tfk9vYasLM+mXWOZhFkgZfxhLSnrwRr4elSSg==
  dependencies:
    is-extglob "^2.1.1"

is-number@^7.0.0:
  version "7.0.0"
  resolved "https://registry.npmjs.org/is-number/-/is-number-7.0.0.tgz"
  integrity sha512-41Cifkg6e8TylSpdtTpeLVMqvSBEVzTttHvERD741+pnZ8ANv0004MRL43QKPDlK9cGvNp6NZWZUBlbGXYxxng==

"js-tokens@^3.0.0 || ^4.0.0":
  version "4.0.0"
  resolved "https://registry.npmjs.org/js-tokens/-/js-tokens-4.0.0.tgz"
  integrity sha512-RdJUflcE3cUzKiMqQgsCu06FPu9UdIJO0beYbPhHN4k6apgJtifcoCtT9bcxOpYBtpD2kCM6Sbzg4CausW/PKQ==

loose-envify@^1.0.0, loose-envify@^1.1.0, loose-envify@^1.4.0:
  version "1.4.0"
  resolved "https://registry.npmjs.org/loose-envify/-/loose-envify-1.4.0.tgz"
  integrity sha512-lyuxPGr/Wfhrlem2CL/UcnUc1zcqKAImBDzukY7Y5F/yQiNdko6+fRLevlw1HgMySw7f611UIY408EtxRSoK3Q==
  dependencies:
    js-tokens "^3.0.0 || ^4.0.0"

marked@^4.0.17:
  version "4.3.0"
  resolved "https://registry.npmjs.org/marked/-/marked-4.3.0.tgz"
  integrity sha512-PRsaiG84bK+AMvxziE/lCFss8juXjNaWzVbN5tXAm4XjeaS9NAHhop+PjQxz2A9h8Q4M/xGmzP8vqNwy6JeK0A==

minimist@^1.2.0:
  version "1.2.8"
  resolved "https://registry.npmjs.org/minimist/-/minimist-1.2.8.tgz"
  integrity sha512-2yyAR8qBkN3YuheJanUpWC5U3bb5osDywNB8RzDVlDwDHbocAJveqqj1u8+SVD7jkWT4yvsHCpWqqWqAxb0zCA==

nanoid@^3.3.6:
  version "3.3.7"
  resolved "https://registry.npmjs.org/nanoid/-/nanoid-3.3.7.tgz"
  integrity sha512-eSRppjcPIatRIMC1U6UngP8XFcz8MQWGQdt1MTBQ7NaAmvXDfvNxbvWV3x2y6CdEUciCSsDHDQZbhYaB8QEo2g==

next@^14.2.5:
  version "14.2.6"
  resolved "https://registry.npmjs.org/next/-/next-14.2.6.tgz"
  integrity sha512-57Su7RqXs5CBKKKOagt8gPhMM3CpjgbeQhrtei2KLAA1vTNm7jfKS+uDARkSW8ZETUflDCBIsUKGSyQdRs4U4g==
  dependencies:
    "@next/env" "14.2.6"
    "@swc/helpers" "0.5.5"
    busboy "1.6.0"
    caniuse-lite "^1.0.30001579"
    graceful-fs "^4.2.11"
    postcss "8.4.31"
    styled-jsx "5.1.1"
  optionalDependencies:
    "@next/swc-darwin-arm64" "14.2.6"
    "@next/swc-darwin-x64" "14.2.6"
    "@next/swc-linux-arm64-gnu" "14.2.6"
    "@next/swc-linux-arm64-musl" "14.2.6"
    "@next/swc-linux-x64-gnu" "14.2.6"
    "@next/swc-linux-x64-musl" "14.2.6"
    "@next/swc-win32-arm64-msvc" "14.2.6"
    "@next/swc-win32-ia32-msvc" "14.2.6"
    "@next/swc-win32-x64-msvc" "14.2.6"

normalize-path@^3.0.0, normalize-path@~3.0.0:
  version "3.0.0"
  resolved "https://registry.npmjs.org/normalize-path/-/normalize-path-3.0.0.tgz"
  integrity sha512-6eZs5Ls3WtCisHWp9S2GUy8dqkpGi4BVSz3GaqiE6ezub0512ESztXUwUB6C6IKbQkY2Pnb/mD4WYojCRwcwLA==

object-assign@^4.1.1:
  version "4.1.1"
  resolved "https://registry.npmjs.org/object-assign/-/object-assign-4.1.1.tgz"
  integrity sha512-rJgTQnkUnH1sFw8yT6VSU3zD3sWmu6sZhIseY8VX+GRu3P6F7Fu+JNDoXfklElbLJSnc3FUQHVe4cU5hj+BcUg==

pg-cloudflare@^1.1.1:
  version "1.1.1"
  resolved "https://registry.npmjs.org/pg-cloudflare/-/pg-cloudflare-1.1.1.tgz"
  integrity sha512-xWPagP/4B6BgFO+EKz3JONXv3YDgvkbVrGw2mTo3D6tVDQRh1e7cqVGvyR3BE+eQgAvx1XhW/iEASj4/jCWl3Q==

pg-connection-string@^2.6.4:
  version "2.6.4"
  resolved "https://registry.npmjs.org/pg-connection-string/-/pg-connection-string-2.6.4.tgz"
  integrity sha512-v+Z7W/0EO707aNMaAEfiGnGL9sxxumwLl2fJvCQtMn9Fxsg+lPpPkdcyBSv/KFgpGdYkMfn+EI1Or2EHjpgLCA==

pg-int8@1.0.1:
  version "1.0.1"
  resolved "https://registry.npmjs.org/pg-int8/-/pg-int8-1.0.1.tgz"
  integrity sha512-WCtabS6t3c8SkpDBUlb1kjOs7l66xsGdKpIPZsg4wR+B3+u9UAum2odSsF9tnvxg80h4ZxLWMy4pRjOsFIqQpw==

pg-pool@^3.6.2:
  version "3.6.2"
  resolved "https://registry.npmjs.org/pg-pool/-/pg-pool-3.6.2.tgz"
  integrity sha512-Htjbg8BlwXqSBQ9V8Vjtc+vzf/6fVUuak/3/XXKA9oxZprwW3IMDQTGHP+KDmVL7rtd+R1QjbnCFPuTHm3G4hg==

pg-protocol@^1.6.1:
  version "1.6.1"
  resolved "https://registry.npmjs.org/pg-protocol/-/pg-protocol-1.6.1.tgz"
  integrity sha512-jPIlvgoD63hrEuihvIg+tJhoGjUsLPn6poJY9N5CnlPd91c2T18T/9zBtLxZSb1EhYxBRoZJtzScCaWlYLtktg==

pg-types@^2.1.0:
  version "2.2.0"
  resolved "https://registry.npmjs.org/pg-types/-/pg-types-2.2.0.tgz"
  integrity sha512-qTAAlrEsl8s4OiEQY69wDvcMIdQN6wdz5ojQiOy6YRMuynxenON0O5oCpJI6lshc6scgAY8qvJ2On/p+CXY0GA==
  dependencies:
    pg-int8 "1.0.1"
    postgres-array "~2.0.0"
    postgres-bytea "~1.0.0"
    postgres-date "~1.0.4"
    postgres-interval "^1.1.0"

pg@^8.5.1:
  version "8.12.0"
  resolved "https://registry.npmjs.org/pg/-/pg-8.12.0.tgz"
  integrity sha512-A+LHUSnwnxrnL/tZ+OLfqR1SxLN3c/pgDztZ47Rpbsd4jUytsTtwQo/TLPRzPJMp/1pbhYVhH9cuSZLAajNfjQ==
  dependencies:
    pg-connection-string "^2.6.4"
    pg-pool "^3.6.2"
    pg-protocol "^1.6.1"
    pg-types "^2.1.0"
    pgpass "1.x"
  optionalDependencies:
    pg-cloudflare "^1.1.1"

pgpass@1.x:
  version "1.0.5"
  resolved "https://registry.npmjs.org/pgpass/-/pgpass-1.0.5.tgz"
  integrity sha512-FdW9r/jQZhSeohs1Z3sI1yxFQNFvMcnmfuj4WBMUTxOrAyLMaTcE1aAMBiTlbMNaXvBCQuVi0R7hd8udDSP7ug==
  dependencies:
    split2 "^4.1.0"

picocolors@^1.0.0:
  version "1.0.1"
  resolved "https://registry.npmjs.org/picocolors/-/picocolors-1.0.1.tgz"
  integrity sha512-anP1Z8qwhkbmu7MFP5iTt+wQKXgwzf7zTyGlcdzabySa9vd0Xt392U0rVmz9poOaBj0uHJKyyo9/upk0HrEQew==

picomatch@^2.0.4, picomatch@^2.2.1:
  version "2.3.1"
  resolved "https://registry.npmjs.org/picomatch/-/picomatch-2.3.1.tgz"
  integrity sha512-JU3teHTNjmE2VCGFzuY8EXzCDVwEqB2a8fsIvwaStHhAWJEeVd1o1QD80CU6+ZdEXXSLbSsuLwJjkCBWqRQUVA==

postcss@8.4.31:
  version "8.4.31"
  resolved "https://registry.npmjs.org/postcss/-/postcss-8.4.31.tgz"
  integrity sha512-PS08Iboia9mts/2ygV3eLpY5ghnUcfLV/EXTOW1E2qYxJKGGBUtNjN76FYHnMs36RmARn41bC0AZmn+rR0OVpQ==
  dependencies:
    nanoid "^3.3.6"
    picocolors "^1.0.0"
    source-map-js "^1.0.2"

postgres-array@~2.0.0:
  version "2.0.0"
  resolved "https://registry.npmjs.org/postgres-array/-/postgres-array-2.0.0.tgz"
  integrity sha512-VpZrUqU5A69eQyW2c5CA1jtLecCsN2U/bD6VilrFDWq5+5UIEVO7nazS3TEcHf1zuPYO/sqGvUvW62g86RXZuA==

postgres-bytea@~1.0.0:
  version "1.0.0"
  resolved "https://registry.npmjs.org/postgres-bytea/-/postgres-bytea-1.0.0.tgz"
  integrity sha512-xy3pmLuQqRBZBXDULy7KbaitYqLcmxigw14Q5sj8QBVLqEwXfeybIKVWiqAXTlcvdvb0+xkOtDbfQMOf4lST1w==

postgres-date@~1.0.4:
  version "1.0.7"
  resolved "https://registry.npmjs.org/postgres-date/-/postgres-date-1.0.7.tgz"
  integrity sha512-suDmjLVQg78nMK2UZ454hAG+OAW+HQPZ6n++TNDUX+L0+uUlLywnoxJKDou51Zm+zTCjrCl0Nq6J9C5hP9vK/Q==

postgres-interval@^1.1.0:
  version "1.2.0"
  resolved "https://registry.npmjs.org/postgres-interval/-/postgres-interval-1.2.0.tgz"
  integrity sha512-9ZhXKM/rw350N1ovuWHbGxnGh/SNJ4cnxHiM0rxE4VN41wsg8P8zWn9hv/buK00RP4WvlOyr/RBDiptyxVbkZQ==
  dependencies:
    xtend "^4.0.0"

prettier@2.7.1:
  version "2.7.1"
  resolved "https://registry.npmjs.org/prettier/-/prettier-2.7.1.tgz"
  integrity sha512-ujppO+MkdPqoVINuDFDRLClm7D78qbDt0/NR+wp5FqEZOoTNAjPHWj17QRhu7geIHJfcNhRk1XVQmF8Bp3ye+g==

prop-types@^15.7.2:
  version "15.8.1"
  resolved "https://registry.npmjs.org/prop-types/-/prop-types-15.8.1.tgz"
  integrity sha512-oj87CgZICdulUohogVAR7AjlC0327U4el4L6eAvOqCeudMDVU0NThNaV+b9Df4dXgSP1gXMTnPdhfe/2qDH5cg==
  dependencies:
    loose-envify "^1.4.0"
    object-assign "^4.1.1"
    react-is "^16.13.1"

react-dom@^18.3.1:
  version "18.3.1"
  resolved "https://registry.npmjs.org/react-dom/-/react-dom-18.3.1.tgz"
  integrity sha512-5m4nQKp+rZRb09LNH59GM4BxTh9251/ylbKIbpe7TpGxfJ+9kv6BLkLBXIjjspbgbnIBNqlI23tRnTWT0snUIw==
  dependencies:
    loose-envify "^1.1.0"
    scheduler "^0.23.2"

react-is@^16.13.1:
  version "16.13.1"
  resolved "https://registry.npmjs.org/react-is/-/react-is-16.13.1.tgz"
  integrity sha512-24e6ynE2H+OKt4kqsOvNd8kBpV65zoxbA4BVsEOB3ARVWQki/DHzaUoC5KuON/BiccDaCCTZBuOcfZs70kR8bQ==

react-number-format@^5.3.1:
  version "5.4.0"
  resolved "https://registry.npmjs.org/react-number-format/-/react-number-format-5.4.0.tgz"
  integrity sha512-NWdICrqLhI7rAS8yUeLVd6Wr4cN7UjJ9IBTS0f/a9i7UB4x4Ti70kGnksBtZ7o4Z7YRbvCMMR/jQmkoOBa/4fg==
  dependencies:
    prop-types "^15.7.2"

react-property@2.0.0:
  version "2.0.0"
  resolved "https://registry.npmjs.org/react-property/-/react-property-2.0.0.tgz"
  integrity sha512-kzmNjIgU32mO4mmH5+iUyrqlpFQhF8K2k7eZ4fdLSOPFrD1XgEuSBv9LDEgxRXTMBqMd8ppT0x6TIzqE5pdGdw==

react-remove-scroll-bar@^2.3.6:
  version "2.3.6"
  resolved "https://registry.npmjs.org/react-remove-scroll-bar/-/react-remove-scroll-bar-2.3.6.tgz"
  integrity sha512-DtSYaao4mBmX+HDo5YWYdBWQwYIQQshUV/dVxFxK+KM26Wjwp1gZ6rv6OC3oujI6Bfu6Xyg3TwK533AQutsn/g==
  dependencies:
    react-style-singleton "^2.2.1"
    tslib "^2.0.0"

react-remove-scroll@^2.5.7:
  version "2.5.10"
  resolved "https://registry.npmjs.org/react-remove-scroll/-/react-remove-scroll-2.5.10.tgz"
  integrity sha512-m3zvBRANPBw3qxVVjEIPEQinkcwlFZ4qyomuWVpNJdv4c6MvHfXV0C3L9Jx5rr3HeBHKNRX+1jreB5QloDIJjA==
  dependencies:
    react-remove-scroll-bar "^2.3.6"
    react-style-singleton "^2.2.1"
    tslib "^2.1.0"
    use-callback-ref "^1.3.0"
    use-sidecar "^1.1.2"

react-style-singleton@^2.2.1:
  version "2.2.1"
  resolved "https://registry.npmjs.org/react-style-singleton/-/react-style-singleton-2.2.1.tgz"
  integrity sha512-ZWj0fHEMyWkHzKYUr2Bs/4zU6XLmq9HsgBURm7g5pAVfyn49DgUiNgY2d4lXRlYSiCif9YBGpQleewkcqddc7g==
  dependencies:
    get-nonce "^1.0.0"
    invariant "^2.2.4"
    tslib "^2.0.0"

react-textarea-autosize@8.5.3:
  version "8.5.3"
  resolved "https://registry.npmjs.org/react-textarea-autosize/-/react-textarea-autosize-8.5.3.tgz"
  integrity sha512-XT1024o2pqCuZSuBt9FwHlaDeNtVrtCXu0Rnz88t1jUGheCLa3PhjE1GH8Ctm2axEtvdCl5SUHYschyQ0L5QHQ==
  dependencies:
    "@babel/runtime" "^7.20.13"
    use-composed-ref "^1.3.0"
    use-latest "^1.2.1"

react@^18.3.1:
  version "18.3.1"
  resolved "https://registry.npmjs.org/react/-/react-18.3.1.tgz"
  integrity sha512-wS+hAgJShR0KhEvPJArfuPVN1+Hz1t0Y6n5jLrGQbkb4urgPE/0Rve+1kMB1v/oWgHgm4WIcV+i7F2pTVj+2iQ==
  dependencies:
    loose-envify "^1.1.0"

readdirp@~3.6.0:
  version "3.6.0"
  resolved "https://registry.npmjs.org/readdirp/-/readdirp-3.6.0.tgz"
  integrity sha512-hOS089on8RduqdbhvQ5Z37A0ESjsqz6qnRcffsMU3495FuTdqSm+7bhJ29JvIOsBDEEnan5DPu9t3To9VRlMzA==
  dependencies:
    picomatch "^2.2.1"

regenerator-runtime@^0.14.0:
  version "0.14.1"
  resolved "https://registry.npmjs.org/regenerator-runtime/-/regenerator-runtime-0.14.1.tgz"
  integrity sha512-dYnhHh0nJoMfnkZs6GmmhFknAGRrLznOu5nc9ML+EJxGvrx6H7teuevqVqCuPcPK//3eDrrjQhehXVx9cnkGdw==

sass@^1.77.8:
  version "1.77.8"
  resolved "https://registry.npmjs.org/sass/-/sass-1.77.8.tgz"
  integrity sha512-4UHg6prsrycW20fqLGPShtEvo/WyHRVRHwOP4DzkUrObWoWI05QBSfzU71TVB7PFaL104TwNaHpjlWXAZbQiNQ==
  dependencies:
    chokidar ">=3.0.0 <4.0.0"
    immutable "^4.0.0"
    source-map-js ">=0.6.2 <2.0.0"

scheduler@^0.23.2:
  version "0.23.2"
  resolved "https://registry.npmjs.org/scheduler/-/scheduler-0.23.2.tgz"
  integrity sha512-UOShsPwz7NrMUqhR6t0hWjFduvOzbtv7toDH1/hIrfRNIDBnnBWd0CwJTGvTpngVlmwGCdP9/Zl/tVrDqcuYzQ==
  dependencies:
    loose-envify "^1.1.0"

"source-map-js@>=0.6.2 <2.0.0", source-map-js@^1.0.2:
  version "1.2.0"
  resolved "https://registry.npmjs.org/source-map-js/-/source-map-js-1.2.0.tgz"
  integrity sha512-itJW8lvSA0TXEphiRoawsCksnlf8SyvmFzIhltqAHluXd88pkCd+cXJVHTDwdCr0IzwptSm035IHQktUu1QUMg==

split2@^4.1.0:
  version "4.2.0"
  resolved "https://registry.npmjs.org/split2/-/split2-4.2.0.tgz"
  integrity sha512-UcjcJOWknrNkF6PLX83qcHM6KHgVKNkV62Y8a5uYDVv9ydGQVwAHMKqHdJje1VTWpljG0WYpCDhrCdAOYH4TWg==

streamsearch@^1.1.0:
  version "1.1.0"
  resolved "https://registry.npmjs.org/streamsearch/-/streamsearch-1.1.0.tgz"
  integrity sha512-Mcc5wHehp9aXz1ax6bZUyY5afg9u2rv5cqQI3mRrYkGC8rW2hM02jWuwjtL++LS5qinSyhj2QfLyNsuc+VsExg==

style-to-js@1.1.0:
  version "1.1.0"
  resolved "https://registry.npmjs.org/style-to-js/-/style-to-js-1.1.0.tgz"
  integrity sha512-1OqefPDxGrlMwcbfpsTVRyzwdhr4W0uxYQzeA2F1CBc8WG04udg2+ybRnvh3XYL4TdHQrCahLtax2jc8xaE6rA==
  dependencies:
    style-to-object "0.3.0"

style-to-object@0.3.0:
  version "0.3.0"
  resolved "https://registry.npmjs.org/style-to-object/-/style-to-object-0.3.0.tgz"
  integrity sha512-CzFnRRXhzWIdItT3OmF8SQfWyahHhjq3HwcMNCNLn+N7klOOqPjMeG/4JSu77D7ypZdGvSzvkrbyeTMizz2VrA==
  dependencies:
    inline-style-parser "0.1.1"

styled-jsx@5.1.1:
  version "5.1.1"
  resolved "https://registry.npmjs.org/styled-jsx/-/styled-jsx-5.1.1.tgz"
  integrity sha512-pW7uC1l4mBZ8ugbiZrcIsiIvVx1UmTfw7UkC3Um2tmfUq9Bhk8IiyEIPl6F8agHgjzku6j0xQEZbfA5uSgSaCw==
  dependencies:
    client-only "0.0.1"

tabbable@^6.0.0:
  version "6.2.0"
  resolved "https://registry.npmjs.org/tabbable/-/tabbable-6.2.0.tgz"
  integrity sha512-Cat63mxsVJlzYvN51JmVXIgNoUokrIaT2zLclCXjRd8boZ0004U4KCs/sToJ75C6sdlByWxpYnb5Boif1VSFew==

to-regex-range@^5.0.1:
  version "5.0.1"
  resolved "https://registry.npmjs.org/to-regex-range/-/to-regex-range-5.0.1.tgz"
  integrity sha512-65P7iz6X5yEr1cwcgvQxbbIw7Uk3gOy5dIdtZ4rDveLqhrdJP+Li/Hx6tyK0NEb+2GCyneCMJiGqrADCSNk8sQ==
  dependencies:
    is-number "^7.0.0"

tslib@^2.0.0, tslib@^2.1.0, tslib@^2.4.0:
  version "2.6.3"
  resolved "https://registry.npmjs.org/tslib/-/tslib-2.6.3.tgz"
  integrity sha512-xNvxJEOUiWPGhUuUdQgAJPKOOJfGnIyKySOc09XkKsgdUV/3E2zvwZYdejjmRgPCgcym1juLH3226yA7sEFJKQ==

type-fest@^4.12.0:
  version "4.25.0"
  resolved "https://registry.npmjs.org/type-fest/-/type-fest-4.25.0.tgz"
  integrity sha512-bRkIGlXsnGBRBQRAY56UXBm//9qH4bmJfFvq83gSz41N282df+fjy8ofcEgc1sM8geNt5cl6mC2g9Fht1cs8Aw==

typescript@5.5.4:
  version "5.5.4"
  resolved "https://registry.npmjs.org/typescript/-/typescript-5.5.4.tgz"
  integrity sha512-Mtq29sKDAEYP7aljRgtPOpTvOfbwRWlS6dPRzwjdE+C0R4brX/GUyhHSecbHMFLNBLcJIPt9nl9yG5TZ1weH+Q==

undici-types@~6.13.0:
  version "6.13.0"
  resolved "https://registry.npmjs.org/undici-types/-/undici-types-6.13.0.tgz"
  integrity sha512-xtFJHudx8S2DSoujjMd1WeWvn7KKWFRESZTMeL1RptAYERu29D6jphMjjY+vn96jvN3kVPDNxU/E13VTaXj6jg==

use-callback-ref@^1.3.0:
  version "1.3.2"
  resolved "https://registry.npmjs.org/use-callback-ref/-/use-callback-ref-1.3.2.tgz"
  integrity sha512-elOQwe6Q8gqZgDA8mrh44qRTQqpIHDcZ3hXTLjBe1i4ph8XpNJnO+aQf3NaG+lriLopI4HMx9VjQLfPQ6vhnoA==
  dependencies:
    tslib "^2.0.0"

use-composed-ref@^1.3.0:
  version "1.3.0"
  resolved "https://registry.npmjs.org/use-composed-ref/-/use-composed-ref-1.3.0.tgz"
  integrity sha512-GLMG0Jc/jiKov/3Ulid1wbv3r54K9HlMW29IWcDFPEqFkSO2nS0MuefWgMJpeHQ9YJeXDL3ZUF+P3jdXlZX/cQ==

use-isomorphic-layout-effect@^1.1.1:
  version "1.1.2"
  resolved "https://registry.npmjs.org/use-isomorphic-layout-effect/-/use-isomorphic-layout-effect-1.1.2.tgz"
  integrity sha512-49L8yCO3iGT/ZF9QttjwLF/ZD9Iwto5LnH5LmEdk/6cFmXddqi2ulF0edxTwjj+7mqvpVVGQWvbXZdn32wRSHA==

use-latest@^1.2.1:
  version "1.2.1"
  resolved "https://registry.npmjs.org/use-latest/-/use-latest-1.2.1.tgz"
  integrity sha512-xA+AVm/Wlg3e2P/JiItTziwS7FK92LWrDB0p+hgXloIMuVCeJJ8v6f0eeHyPZaJrM+usM1FkFfbNCrJGs8A/zw==
  dependencies:
    use-isomorphic-layout-effect "^1.1.1"

use-sidecar@^1.1.2:
  version "1.1.2"
  resolved "https://registry.npmjs.org/use-sidecar/-/use-sidecar-1.1.2.tgz"
  integrity sha512-epTbsLuzZ7lPClpz2TyryBfztm7m+28DlEv2ZCQ3MDr5ssiwyOwGH/e5F9CkfWjJ1t4clvI58yF822/GUkjjhw==
  dependencies:
    detect-node-es "^1.1.0"
    tslib "^2.0.0"

uuid@^8.3.2:
  version "8.3.2"
  resolved "https://registry.npmjs.org/uuid/-/uuid-8.3.2.tgz"
  integrity sha512-+NYs2QeMWy+GWFOEm9xnn6HCDp0l7QBD7ml8zLUmJ+93Q5NF0NocErnwkTkXVFNiX3/fpC6afS8Dhb/gz7R7eg==

xtend@^4.0.0:
  version "4.0.2"
  resolved "https://registry.npmjs.org/xtend/-/xtend-4.0.2.tgz"
  integrity sha512-LKYU1iAXJXUgAXn9URjiu+MWhyUXHsvfp7mcuYm9dSUKK0/CjtrUwFAxD82/mCWbtLsGjFIad0wIsod4zrTAEQ==
